
Microsoft Visual Studio Solution File, Format Version 12.00
# Visual Studio 15
VisualStudioVersion = 15.0.28010.2003
MinimumVisualStudioVersion = 10.0.40219.1
Project("{FAE04EC0-301F-11D3-BF4B-00C04F79EFBC}") = "Pro_SPK", "Pro_SPK\Pro_SPK.csproj", "{6CA1C0D4-C234-4AB7-B897-BF6A12FB4B31}"
EndProject
Global
	GlobalSection(SolutionConfigurationPlatforms) = preSolution
		Debug|Any CPU = Debug|Any CPU
		Release|Any CPU = Release|Any CPU
	EndGlobalSection
	GlobalSection(ProjectConfigurationPlatforms) = postSolution
		{6CA1C0D4-C234-4AB7-B897-BF6A12FB4B31}.Debug|Any CPU.ActiveCfg = Debug|Any CPU
		{6CA1C0D4-C234-4AB7-B897-BF6A12FB4B31}.Debug|Any CPU.Build.0 = Debug|Any CPU
		{6CA1C0D4-C234-4AB7-B897-BF6A12FB4B31}.Release|Any CPU.ActiveCfg = Release|Any CPU
		{6CA1C0D4-C234-4AB7-B897-BF6A12FB4B31}.Release|Any CPU.Build.0 = Release|Any CPU
	EndGlobalSection
	GlobalSection(SolutionProperties) = preSolution
		HideSolutionNode = FALSE
	EndGlobalSection
	GlobalSection(ExtensibilityGlobals) = postSolution
		SolutionGuid = {58DA4D60-10FE-4397-8DBD-D7EA05F05705}
	EndGlobalSection
EndGlobal
